// !$*UTF8*$!
{
	archiveVersion = 1;
	classes = {
	};
	objectVersion = 50;
	objects = {

/* Begin PBXBuildFile section */
		0C0398BE24F26EEF009CC80D /* DashBoardViewController.swift in Sources */ = {isa = PBXBuildFile; fileRef = 0C0398BD24F26EEF009CC80D /* DashBoardViewController.swift */; };
		0C0398C024F26EF6009CC80D /* EtcViewController.swift in Sources */ = {isa = PBXBuildFile; fileRef = 0C0398BF24F26EF6009CC80D /* EtcViewController.swift */; };
		0C0398C224F26F04009CC80D /* DashBoardViewReactor.swift in Sources */ = {isa = PBXBuildFile; fileRef = 0C0398C124F26F04009CC80D /* DashBoardViewReactor.swift */; };
		0C0398C424F26F11009CC80D /* EtcViewReactor.swift in Sources */ = {isa = PBXBuildFile; fileRef = 0C0398C324F26F11009CC80D /* EtcViewReactor.swift */; };
		0C657AB924E94065001BD378 /* AppDelegate.swift in Sources */ = {isa = PBXBuildFile; fileRef = 0C657AB824E94065001BD378 /* AppDelegate.swift */; };
		0C657ABD24E94065001BD378 /* IntroViewController.swift in Sources */ = {isa = PBXBuildFile; fileRef = 0C657ABC24E94065001BD378 /* IntroViewController.swift */; };
		0C657AC224E94067001BD378 /* Assets.xcassets in Resources */ = {isa = PBXBuildFile; fileRef = 0C657AC124E94067001BD378 /* Assets.xcassets */; };
		0C657AC524E94067001BD378 /* LaunchScreen.storyboard in Resources */ = {isa = PBXBuildFile; fileRef = 0C657AC324E94067001BD378 /* LaunchScreen.storyboard */; };
		0C98FF6124F40262002C8BD4 /* TabbarFlow.swift in Sources */ = {isa = PBXBuildFile; fileRef = 0C98FF6024F40262002C8BD4 /* TabbarFlow.swift */; };
		0C98FF6624F403E8002C8BD4 /* DashBoardFlow.swift in Sources */ = {isa = PBXBuildFile; fileRef = 0C98FF6524F403E8002C8BD4 /* DashBoardFlow.swift */; };
		0CC9B93024EAA4C90025D1A1 /* AppFlow.swift in Sources */ = {isa = PBXBuildFile; fileRef = 0CC9B92F24EAA4C90025D1A1 /* AppFlow.swift */; };
		0CC9B93224EAA5000025D1A1 /* AppStep.swift in Sources */ = {isa = PBXBuildFile; fileRef = 0CC9B93124EAA5000025D1A1 /* AppStep.swift */; };
		0CC9B93424EAA5D30025D1A1 /* AppStepper.swift in Sources */ = {isa = PBXBuildFile; fileRef = 0CC9B93324EAA5D30025D1A1 /* AppStepper.swift */; };
		0CC9B93624EAA6ED0025D1A1 /* BaseViewController.swift in Sources */ = {isa = PBXBuildFile; fileRef = 0CC9B93524EAA6ED0025D1A1 /* BaseViewController.swift */; };
		0CC9B93A24EAABFF0025D1A1 /* IntroAssembler.swift in Sources */ = {isa = PBXBuildFile; fileRef = 0CC9B93924EAABFF0025D1A1 /* IntroAssembler.swift */; };
		0CC9B93C24EAAC8A0025D1A1 /* IntroFlow.swift in Sources */ = {isa = PBXBuildFile; fileRef = 0CC9B93B24EAAC8A0025D1A1 /* IntroFlow.swift */; };
		0CC9B93E24EAB19C0025D1A1 /* Colors.swift in Sources */ = {isa = PBXBuildFile; fileRef = 0CC9B93D24EAB19C0025D1A1 /* Colors.swift */; };
		0CF3BDB6250DE84300333445 /* EtcFlow.swift in Sources */ = {isa = PBXBuildFile; fileRef = 0CF3BDB5250DE84300333445 /* EtcFlow.swift */; };
		0CF3BDB9250DE93400333445 /* EtcStepper.swift in Sources */ = {isa = PBXBuildFile; fileRef = 0CF3BDB7250DE93400333445 /* EtcStepper.swift */; };
		0CF3BDBA250DE93400333445 /* DashBoardStepper.swift in Sources */ = {isa = PBXBuildFile; fileRef = 0CF3BDB8250DE93400333445 /* DashBoardStepper.swift */; };
		0CF3BDBD250DE99200333445 /* DashBoardStep.swift in Sources */ = {isa = PBXBuildFile; fileRef = 0CF3BDBB250DE99200333445 /* DashBoardStep.swift */; };
		0CF3BDBE250DE99200333445 /* EtcStep.swift in Sources */ = {isa = PBXBuildFile; fileRef = 0CF3BDBC250DE99200333445 /* EtcStep.swift */; };
		0CF3BDC1250DEA3400333445 /* EtcAssembler.swift in Sources */ = {isa = PBXBuildFile; fileRef = 0CF3BDBF250DEA3400333445 /* EtcAssembler.swift */; };
		0CF3BDC2250DEA3400333445 /* DashBoardAssembler.swift in Sources */ = {isa = PBXBuildFile; fileRef = 0CF3BDC0250DEA3400333445 /* DashBoardAssembler.swift */; };
		1EC826E1BD5BAB0131B5B906 /* libPods-MVVM-C.a in Frameworks */ = {isa = PBXBuildFile; fileRef = 919AB4BED2212CECEFF566F5 /* libPods-MVVM-C.a */; };
		D36C34B524ECE8B3004B6743 /* LocalConfiguration.swift in Sources */ = {isa = PBXBuildFile; fileRef = D36C34B424ECE8B2004B6743 /* LocalConfiguration.swift */; };
		D38E221F24EB93A600E30916 /* BaseNavigationController.swift in Sources */ = {isa = PBXBuildFile; fileRef = D38E221E24EB93A600E30916 /* BaseNavigationController.swift */; };
		D38E222124EB95E200E30916 /* EmptyReactor.swift in Sources */ = {isa = PBXBuildFile; fileRef = D38E222024EB95E200E30916 /* EmptyReactor.swift */; };
		D38E222324EBA08D00E30916 /* IntroStepper.swift in Sources */ = {isa = PBXBuildFile; fileRef = D38E222224EBA08D00E30916 /* IntroStepper.swift */; };
		D38E222524EBA3AE00E30916 /* SignInViewController.swift in Sources */ = {isa = PBXBuildFile; fileRef = D38E222424EBA3AE00E30916 /* SignInViewController.swift */; };
		D38E222724EBA3CA00E30916 /* SignInViewReactor.swift in Sources */ = {isa = PBXBuildFile; fileRef = D38E222624EBA3CA00E30916 /* SignInViewReactor.swift */; };
		D38E222A24EBC60100E30916 /* ASAuthorizationControllerProxy.swift in Sources */ = {isa = PBXBuildFile; fileRef = D38E222924EBC60100E30916 /* ASAuthorizationControllerProxy.swift */; };
		D38E222C24EBC64200E30916 /* AuthenticationServices+Rx.swift in Sources */ = {isa = PBXBuildFile; fileRef = D38E222B24EBC64200E30916 /* AuthenticationServices+Rx.swift */; };
		D3F0D38624FF92770028E1FF /* EtcFlow.swift in Sources */ = {isa = PBXBuildFile; fileRef = D3F0D38524FF92770028E1FF /* EtcFlow.swift */; };
		D3F0D38924FF92C70028E1FF /* EtcStepper.swift in Sources */ = {isa = PBXBuildFile; fileRef = D3F0D38724FF92C70028E1FF /* EtcStepper.swift */; };
		D3F0D38A24FF92C70028E1FF /* DashBoardStepper.swift in Sources */ = {isa = PBXBuildFile; fileRef = D3F0D38824FF92C70028E1FF /* DashBoardStepper.swift */; };
		D3F0D38C24FF92F60028E1FF /* DashBoardStep.swift in Sources */ = {isa = PBXBuildFile; fileRef = D3F0D38B24FF92F60028E1FF /* DashBoardStep.swift */; };
		D3F0D38E24FF92FD0028E1FF /* EtcStep.swift in Sources */ = {isa = PBXBuildFile; fileRef = D3F0D38D24FF92FD0028E1FF /* EtcStep.swift */; };
/* End PBXBuildFile section */

/* Begin PBXFileReference section */
		0C0398BD24F26EEF009CC80D /* DashBoardViewController.swift */ = {isa = PBXFileReference; lastKnownFileType = sourcecode.swift; path = DashBoardViewController.swift; sourceTree = "<group>"; };
		0C0398BF24F26EF6009CC80D /* EtcViewController.swift */ = {isa = PBXFileReference; lastKnownFileType = sourcecode.swift; path = EtcViewController.swift; sourceTree = "<group>"; };
		0C0398C124F26F04009CC80D /* DashBoardViewReactor.swift */ = {isa = PBXFileReference; lastKnownFileType = sourcecode.swift; path = DashBoardViewReactor.swift; sourceTree = "<group>"; };
		0C0398C324F26F11009CC80D /* EtcViewReactor.swift */ = {isa = PBXFileReference; lastKnownFileType = sourcecode.swift; path = EtcViewReactor.swift; sourceTree = "<group>"; };
		0C657AB524E94065001BD378 /* MVVM-C.app */ = {isa = PBXFileReference; explicitFileType = wrapper.application; includeInIndex = 0; path = "MVVM-C.app"; sourceTree = BUILT_PRODUCTS_DIR; };
		0C657AB824E94065001BD378 /* AppDelegate.swift */ = {isa = PBXFileReference; lastKnownFileType = sourcecode.swift; path = AppDelegate.swift; sourceTree = "<group>"; };
		0C657ABC24E94065001BD378 /* IntroViewController.swift */ = {isa = PBXFileReference; lastKnownFileType = sourcecode.swift; path = IntroViewController.swift; sourceTree = "<group>"; };
		0C657AC124E94067001BD378 /* Assets.xcassets */ = {isa = PBXFileReference; lastKnownFileType = folder.assetcatalog; path = Assets.xcassets; sourceTree = "<group>"; };
		0C657AC424E94067001BD378 /* Base */ = {isa = PBXFileReference; lastKnownFileType = file.storyboard; name = Base; path = Base.lproj/LaunchScreen.storyboard; sourceTree = "<group>"; };
		0C657AC624E94067001BD378 /* Info.plist */ = {isa = PBXFileReference; lastKnownFileType = text.plist.xml; path = Info.plist; sourceTree = "<group>"; };
		0C657AEA24E9434D001BD378 /* MVVM-C-Bridging-Header.h */ = {isa = PBXFileReference; lastKnownFileType = sourcecode.c.h; path = "MVVM-C-Bridging-Header.h"; sourceTree = "<group>"; };
		0C98FF6024F40262002C8BD4 /* TabbarFlow.swift */ = {isa = PBXFileReference; lastKnownFileType = sourcecode.swift; path = TabbarFlow.swift; sourceTree = "<group>"; };
		0C98FF6524F403E8002C8BD4 /* DashBoardFlow.swift */ = {isa = PBXFileReference; lastKnownFileType = sourcecode.swift; path = DashBoardFlow.swift; sourceTree = "<group>"; };
		0CC9B92F24EAA4C90025D1A1 /* AppFlow.swift */ = {isa = PBXFileReference; lastKnownFileType = sourcecode.swift; path = AppFlow.swift; sourceTree = "<group>"; };
		0CC9B93124EAA5000025D1A1 /* AppStep.swift */ = {isa = PBXFileReference; lastKnownFileType = sourcecode.swift; path = AppStep.swift; sourceTree = "<group>"; };
		0CC9B93324EAA5D30025D1A1 /* AppStepper.swift */ = {isa = PBXFileReference; lastKnownFileType = sourcecode.swift; path = AppStepper.swift; sourceTree = "<group>"; };
		0CC9B93524EAA6ED0025D1A1 /* BaseViewController.swift */ = {isa = PBXFileReference; lastKnownFileType = sourcecode.swift; path = BaseViewController.swift; sourceTree = "<group>"; };
		0CC9B93924EAABFF0025D1A1 /* IntroAssembler.swift */ = {isa = PBXFileReference; lastKnownFileType = sourcecode.swift; path = IntroAssembler.swift; sourceTree = "<group>"; };
		0CC9B93B24EAAC8A0025D1A1 /* IntroFlow.swift */ = {isa = PBXFileReference; lastKnownFileType = sourcecode.swift; path = IntroFlow.swift; sourceTree = "<group>"; };
		0CC9B93D24EAB19C0025D1A1 /* Colors.swift */ = {isa = PBXFileReference; lastKnownFileType = sourcecode.swift; path = Colors.swift; sourceTree = "<group>"; };
		0CF3BDB5250DE84300333445 /* EtcFlow.swift */ = {isa = PBXFileReference; lastKnownFileType = sourcecode.swift; path = EtcFlow.swift; sourceTree = "<group>"; };
		0CF3BDB7250DE93400333445 /* EtcStepper.swift */ = {isa = PBXFileReference; fileEncoding = 4; lastKnownFileType = sourcecode.swift; path = EtcStepper.swift; sourceTree = "<group>"; };
		0CF3BDB8250DE93400333445 /* DashBoardStepper.swift */ = {isa = PBXFileReference; fileEncoding = 4; lastKnownFileType = sourcecode.swift; path = DashBoardStepper.swift; sourceTree = "<group>"; };
		0CF3BDBB250DE99200333445 /* DashBoardStep.swift */ = {isa = PBXFileReference; fileEncoding = 4; lastKnownFileType = sourcecode.swift; path = DashBoardStep.swift; sourceTree = "<group>"; };
		0CF3BDBC250DE99200333445 /* EtcStep.swift */ = {isa = PBXFileReference; fileEncoding = 4; lastKnownFileType = sourcecode.swift; path = EtcStep.swift; sourceTree = "<group>"; };
		0CF3BDBF250DEA3400333445 /* EtcAssembler.swift */ = {isa = PBXFileReference; fileEncoding = 4; lastKnownFileType = sourcecode.swift; path = EtcAssembler.swift; sourceTree = "<group>"; };
		0CF3BDC0250DEA3400333445 /* DashBoardAssembler.swift */ = {isa = PBXFileReference; fileEncoding = 4; lastKnownFileType = sourcecode.swift; path = DashBoardAssembler.swift; sourceTree = "<group>"; };
		3E5A1DD56FC48A06425B18CB /* Pods-MVVM-C.release.xcconfig */ = {isa = PBXFileReference; includeInIndex = 1; lastKnownFileType = text.xcconfig; name = "Pods-MVVM-C.release.xcconfig"; path = "Target Support Files/Pods-MVVM-C/Pods-MVVM-C.release.xcconfig"; sourceTree = "<group>"; };
		808CF4F7891B4B25E37C685B /* Pods-MVVM-C.debug.xcconfig */ = {isa = PBXFileReference; includeInIndex = 1; lastKnownFileType = text.xcconfig; name = "Pods-MVVM-C.debug.xcconfig"; path = "Target Support Files/Pods-MVVM-C/Pods-MVVM-C.debug.xcconfig"; sourceTree = "<group>"; };
		919AB4BED2212CECEFF566F5 /* libPods-MVVM-C.a */ = {isa = PBXFileReference; explicitFileType = archive.ar; includeInIndex = 0; path = "libPods-MVVM-C.a"; sourceTree = BUILT_PRODUCTS_DIR; };
		D36C34B424ECE8B2004B6743 /* LocalConfiguration.swift */ = {isa = PBXFileReference; lastKnownFileType = sourcecode.swift; path = LocalConfiguration.swift; sourceTree = "<group>"; };
		D38E221D24EB922700E30916 /* MVVM-C.entitlements */ = {isa = PBXFileReference; lastKnownFileType = text.plist.entitlements; path = "MVVM-C.entitlements"; sourceTree = "<group>"; };
		D38E221E24EB93A600E30916 /* BaseNavigationController.swift */ = {isa = PBXFileReference; lastKnownFileType = sourcecode.swift; path = BaseNavigationController.swift; sourceTree = "<group>"; };
		D38E222024EB95E200E30916 /* EmptyReactor.swift */ = {isa = PBXFileReference; lastKnownFileType = sourcecode.swift; path = EmptyReactor.swift; sourceTree = "<group>"; };
		D38E222224EBA08D00E30916 /* IntroStepper.swift */ = {isa = PBXFileReference; lastKnownFileType = sourcecode.swift; path = IntroStepper.swift; sourceTree = "<group>"; };
		D38E222424EBA3AE00E30916 /* SignInViewController.swift */ = {isa = PBXFileReference; lastKnownFileType = sourcecode.swift; path = SignInViewController.swift; sourceTree = "<group>"; };
		D38E222624EBA3CA00E30916 /* SignInViewReactor.swift */ = {isa = PBXFileReference; lastKnownFileType = sourcecode.swift; path = SignInViewReactor.swift; sourceTree = "<group>"; };
		D38E222924EBC60100E30916 /* ASAuthorizationControllerProxy.swift */ = {isa = PBXFileReference; lastKnownFileType = sourcecode.swift; path = ASAuthorizationControllerProxy.swift; sourceTree = "<group>"; };
		D38E222B24EBC64200E30916 /* AuthenticationServices+Rx.swift */ = {isa = PBXFileReference; lastKnownFileType = sourcecode.swift; path = "AuthenticationServices+Rx.swift"; sourceTree = "<group>"; };
		D3F0D38524FF92770028E1FF /* EtcFlow.swift */ = {isa = PBXFileReference; lastKnownFileType = sourcecode.swift; path = EtcFlow.swift; sourceTree = "<group>"; };
		D3F0D38724FF92C70028E1FF /* EtcStepper.swift */ = {isa = PBXFileReference; fileEncoding = 4; lastKnownFileType = sourcecode.swift; path = EtcStepper.swift; sourceTree = "<group>"; };
		D3F0D38824FF92C70028E1FF /* DashBoardStepper.swift */ = {isa = PBXFileReference; fileEncoding = 4; lastKnownFileType = sourcecode.swift; path = DashBoardStepper.swift; sourceTree = "<group>"; };
		D3F0D38B24FF92F60028E1FF /* DashBoardStep.swift */ = {isa = PBXFileReference; lastKnownFileType = sourcecode.swift; path = DashBoardStep.swift; sourceTree = "<group>"; };
		D3F0D38D24FF92FD0028E1FF /* EtcStep.swift */ = {isa = PBXFileReference; lastKnownFileType = sourcecode.swift; path = EtcStep.swift; sourceTree = "<group>"; };
/* End PBXFileReference section */

/* Begin PBXFrameworksBuildPhase section */
		0C657AB224E94065001BD378 /* Frameworks */ = {
			isa = PBXFrameworksBuildPhase;
			buildActionMask = 2147483647;
			files = (
				1EC826E1BD5BAB0131B5B906 /* libPods-MVVM-C.a in Frameworks */,
			);
			runOnlyForDeploymentPostprocessing = 0;
		};
/* End PBXFrameworksBuildPhase section */

/* Begin PBXGroup section */
		0C0398B924F26EC1009CC80D /* DashBoard */ = {
			isa = PBXGroup;
			children = (
				0C0398BD24F26EEF009CC80D /* DashBoardViewController.swift */,
				0C0398C124F26F04009CC80D /* DashBoardViewReactor.swift */,
			);
			path = DashBoard;
			sourceTree = "<group>";
		};
		0C0398BC24F26EDD009CC80D /* Etc */ = {
			isa = PBXGroup;
			children = (
				0C0398BF24F26EF6009CC80D /* EtcViewController.swift */,
				0C0398C324F26F11009CC80D /* EtcViewReactor.swift */,
			);
			path = Etc;
			sourceTree = "<group>";
		};
		0C657AAC24E94065001BD378 = {
			isa = PBXGroup;
			children = (
				0C657AB724E94065001BD378 /* MVVM-C */,
				0C657AB624E94065001BD378 /* Products */,
				AA07B05938C20A68B11C8255 /* Pods */,
				D14ABA99A441D857CA115BB3 /* Frameworks */,
			);
			sourceTree = "<group>";
		};
		0C657AB624E94065001BD378 /* Products */ = {
			isa = PBXGroup;
			children = (
				0C657AB524E94065001BD378 /* MVVM-C.app */,
			);
			name = Products;
			sourceTree = "<group>";
		};
		0C657AB724E94065001BD378 /* MVVM-C */ = {
			isa = PBXGroup;
			children = (
				D38E221D24EB922700E30916 /* MVVM-C.entitlements */,
				0C657AF524E947B5001BD378 /* Utils */,
				0C657AF224E94745001BD378 /* Assembler */,
				0C657AF124E9472B001BD378 /* Networking */,
				0C657AF024E94708001BD378 /* Coordinator */,
				0C657AF424E9479C001BD378 /* Model */,
				0C657AEF24E94702001BD378 /* View */,
				0C657AEE24E946F9001BD378 /* ViewController */,
				0C657AB824E94065001BD378 /* AppDelegate.swift */,
				0C657AC124E94067001BD378 /* Assets.xcassets */,
				0C657AC324E94067001BD378 /* LaunchScreen.storyboard */,
				0C657AC624E94067001BD378 /* Info.plist */,
				0C657AEA24E9434D001BD378 /* MVVM-C-Bridging-Header.h */,
			);
			path = "MVVM-C";
			sourceTree = "<group>";
		};
		0C657AEE24E946F9001BD378 /* ViewController */ = {
			isa = PBXGroup;
			children = (
				0C0398B924F26EC1009CC80D /* DashBoard */,
				0C0398BC24F26EDD009CC80D /* Etc */,
				0CC9B93524EAA6ED0025D1A1 /* BaseViewController.swift */,
				D38E221E24EB93A600E30916 /* BaseNavigationController.swift */,
				0C657ABC24E94065001BD378 /* IntroViewController.swift */,
				D38E222424EBA3AE00E30916 /* SignInViewController.swift */,
				D38E222624EBA3CA00E30916 /* SignInViewReactor.swift */,
			);
			path = ViewController;
			sourceTree = "<group>";
		};
		0C657AEF24E94702001BD378 /* View */ = {
			isa = PBXGroup;
			children = (
			);
			path = View;
			sourceTree = "<group>";
		};
		0C657AF024E94708001BD378 /* Coordinator */ = {
			isa = PBXGroup;
			children = (
				0CC9B92C24EAA4900025D1A1 /* Flow */,
				0CC9B92D24EAA4950025D1A1 /* Stepper */,
				0CC9B92E24EAA49C0025D1A1 /* Step */,
			);
			path = Coordinator;
			sourceTree = "<group>";
		};
		0C657AF124E9472B001BD378 /* Networking */ = {
			isa = PBXGroup;
			children = (
			);
			path = Networking;
			sourceTree = "<group>";
		};
		0C657AF224E94745001BD378 /* Assembler */ = {
			isa = PBXGroup;
			children = (
				0CF3BDC0250DEA3400333445 /* DashBoardAssembler.swift */,
				0CF3BDBF250DEA3400333445 /* EtcAssembler.swift */,
				0CC9B93924EAABFF0025D1A1 /* IntroAssembler.swift */,
			);
			path = Assembler;
			sourceTree = "<group>";
		};
		0C657AF424E9479C001BD378 /* Model */ = {
			isa = PBXGroup;
			children = (
			);
			path = Model;
			sourceTree = "<group>";
		};
		0C657AF524E947B5001BD378 /* Utils */ = {
			isa = PBXGroup;
			children = (
				0CC9B93D24EAB19C0025D1A1 /* Colors.swift */,
				D38E222024EB95E200E30916 /* EmptyReactor.swift */,
				D38E222924EBC60100E30916 /* ASAuthorizationControllerProxy.swift */,
				D38E222B24EBC64200E30916 /* AuthenticationServices+Rx.swift */,
				D36C34B424ECE8B2004B6743 /* LocalConfiguration.swift */,
			);
			path = Utils;
			sourceTree = "<group>";
		};
		0C98FF6224F4037A002C8BD4 /* DashBoard */ = {
			isa = PBXGroup;
			children = (
				0C98FF6524F403E8002C8BD4 /* DashBoardFlow.swift */,
			);
			path = DashBoard;
			sourceTree = "<group>";
		};
		0C98FF6424F4038C002C8BD4 /* Etc */ = {
			isa = PBXGroup;
			children = (
				0CF3BDB5250DE84300333445 /* EtcFlow.swift */,
			);
			path = Etc;
			sourceTree = "<group>";
		};
		0CC9B92C24EAA4900025D1A1 /* Flow */ = {
			isa = PBXGroup;
			children = (
				D3F0D38424FF926E0028E1FF /* Etc */,
				0C98FF6224F4037A002C8BD4 /* DashBoard */,
				0CC9B92F24EAA4C90025D1A1 /* AppFlow.swift */,
				0CC9B93B24EAAC8A0025D1A1 /* IntroFlow.swift */,
				0C98FF6024F40262002C8BD4 /* TabbarFlow.swift */,
			);
			path = Flow;
			sourceTree = "<group>";
		};
		0CC9B92D24EAA4950025D1A1 /* Stepper */ = {
			isa = PBXGroup;
			children = (
				0CF3BDB8250DE93400333445 /* DashBoardStepper.swift */,
				0CF3BDB7250DE93400333445 /* EtcStepper.swift */,
				0CC9B93324EAA5D30025D1A1 /* AppStepper.swift */,
				D38E222224EBA08D00E30916 /* IntroStepper.swift */,
				D3F0D38824FF92C70028E1FF /* DashBoardStepper.swift */,
				D3F0D38724FF92C70028E1FF /* EtcStepper.swift */,
			);
			path = Stepper;
			sourceTree = "<group>";
		};
		0CC9B92E24EAA49C0025D1A1 /* Step */ = {
			isa = PBXGroup;
			children = (
				0CF3BDBB250DE99200333445 /* DashBoardStep.swift */,
				0CF3BDBC250DE99200333445 /* EtcStep.swift */,
				0CC9B93124EAA5000025D1A1 /* AppStep.swift */,
				D3F0D38B24FF92F60028E1FF /* DashBoardStep.swift */,
				D3F0D38D24FF92FD0028E1FF /* EtcStep.swift */,
			);
			path = Step;
			sourceTree = "<group>";
		};
		AA07B05938C20A68B11C8255 /* Pods */ = {
			isa = PBXGroup;
			children = (
				808CF4F7891B4B25E37C685B /* Pods-MVVM-C.debug.xcconfig */,
				3E5A1DD56FC48A06425B18CB /* Pods-MVVM-C.release.xcconfig */,
			);
			path = Pods;
			sourceTree = "<group>";
		};
		D14ABA99A441D857CA115BB3 /* Frameworks */ = {
			isa = PBXGroup;
			children = (
				919AB4BED2212CECEFF566F5 /* libPods-MVVM-C.a */,
			);
			name = Frameworks;
			sourceTree = "<group>";
		};
		D3F0D38424FF926E0028E1FF /* Etc */ = {
			isa = PBXGroup;
			children = (
				D3F0D38524FF92770028E1FF /* EtcFlow.swift */,
			);
			path = Etc;
			sourceTree = "<group>";
		};
/* End PBXGroup section */

/* Begin PBXNativeTarget section */
		0C657AB424E94065001BD378 /* MVVM-C */ = {
			isa = PBXNativeTarget;
			buildConfigurationList = 0C657AC924E94067001BD378 /* Build configuration list for PBXNativeTarget "MVVM-C" */;
			buildPhases = (
				1FA76A2A22AED923E8A276CF /* [CP] Check Pods Manifest.lock */,
				0C657AB124E94065001BD378 /* Sources */,
				0C657AB224E94065001BD378 /* Frameworks */,
				0C657AB324E94065001BD378 /* Resources */,
			);
			buildRules = (
			);
			dependencies = (
			);
			name = "MVVM-C";
			productName = "MVVM-C";
			productReference = 0C657AB524E94065001BD378 /* MVVM-C.app */;
			productType = "com.apple.product-type.application";
		};
/* End PBXNativeTarget section */

/* Begin PBXProject section */
		0C657AAD24E94065001BD378 /* Project object */ = {
			isa = PBXProject;
			attributes = {
				LastSwiftUpdateCheck = 1150;
				LastUpgradeCheck = 1150;
				ORGANIZATIONNAME = test;
				TargetAttributes = {
					0C657AB424E94065001BD378 = {
						CreatedOnToolsVersion = 11.5;
						LastSwiftMigration = 1150;
					};
				};
			};
			buildConfigurationList = 0C657AB024E94065001BD378 /* Build configuration list for PBXProject "MVVM-C" */;
			compatibilityVersion = "Xcode 9.3";
			developmentRegion = en;
			hasScannedForEncodings = 0;
			knownRegions = (
				en,
				Base,
			);
			mainGroup = 0C657AAC24E94065001BD378;
			productRefGroup = 0C657AB624E94065001BD378 /* Products */;
			projectDirPath = "";
			projectRoot = "";
			targets = (
				0C657AB424E94065001BD378 /* MVVM-C */,
			);
		};
/* End PBXProject section */

/* Begin PBXResourcesBuildPhase section */
		0C657AB324E94065001BD378 /* Resources */ = {
			isa = PBXResourcesBuildPhase;
			buildActionMask = 2147483647;
			files = (
				0C657AC524E94067001BD378 /* LaunchScreen.storyboard in Resources */,
				0C657AC224E94067001BD378 /* Assets.xcassets in Resources */,
			);
			runOnlyForDeploymentPostprocessing = 0;
		};
/* End PBXResourcesBuildPhase section */

/* Begin PBXShellScriptBuildPhase section */
		1FA76A2A22AED923E8A276CF /* [CP] Check Pods Manifest.lock */ = {
			isa = PBXShellScriptBuildPhase;
			buildActionMask = 2147483647;
			files = (
			);
			inputFileListPaths = (
			);
			inputPaths = (
				"${PODS_PODFILE_DIR_PATH}/Podfile.lock",
				"${PODS_ROOT}/Manifest.lock",
			);
			name = "[CP] Check Pods Manifest.lock";
			outputFileListPaths = (
			);
			outputPaths = (
				"$(DERIVED_FILE_DIR)/Pods-MVVM-C-checkManifestLockResult.txt",
			);
			runOnlyForDeploymentPostprocessing = 0;
			shellPath = /bin/sh;
			shellScript = "diff \"${PODS_PODFILE_DIR_PATH}/Podfile.lock\" \"${PODS_ROOT}/Manifest.lock\" > /dev/null\nif [ $? != 0 ] ; then\n    # print error to STDERR\n    echo \"error: The sandbox is not in sync with the Podfile.lock. Run 'pod install' or update your CocoaPods installation.\" >&2\n    exit 1\nfi\n# This output is used by Xcode 'outputs' to avoid re-running this script phase.\necho \"SUCCESS\" > \"${SCRIPT_OUTPUT_FILE_0}\"\n";
			showEnvVarsInLog = 0;
		};
/* End PBXShellScriptBuildPhase section */

/* Begin PBXSourcesBuildPhase section */
		0C657AB124E94065001BD378 /* Sources */ = {
			isa = PBXSourcesBuildPhase;
			buildActionMask = 2147483647;
			files = (
				0C657ABD24E94065001BD378 /* IntroViewController.swift in Sources */,
				0CF3BDB9250DE93400333445 /* EtcStepper.swift in Sources */,
				0C98FF6624F403E8002C8BD4 /* DashBoardFlow.swift in Sources */,
				0C0398C424F26F11009CC80D /* EtcViewReactor.swift in Sources */,
				0CF3BDBE250DE99200333445 /* EtcStep.swift in Sources */,
				0C0398C024F26EF6009CC80D /* EtcViewController.swift in Sources */,
				D38E222A24EBC60100E30916 /* ASAuthorizationControllerProxy.swift in Sources */,
				0CC9B93E24EAB19C0025D1A1 /* Colors.swift in Sources */,
				D38E222C24EBC64200E30916 /* AuthenticationServices+Rx.swift in Sources */,
				0CC9B93A24EAABFF0025D1A1 /* IntroAssembler.swift in Sources */,
				0CF3BDBD250DE99200333445 /* DashBoardStep.swift in Sources */,
				D36C34B524ECE8B3004B6743 /* LocalConfiguration.swift in Sources */,
				0CC9B93224EAA5000025D1A1 /* AppStep.swift in Sources */,
				0C0398C224F26F04009CC80D /* DashBoardViewReactor.swift in Sources */,
				0CC9B93C24EAAC8A0025D1A1 /* IntroFlow.swift in Sources */,
				0CF3BDB6250DE84300333445 /* EtcFlow.swift in Sources */,
				D38E222524EBA3AE00E30916 /* SignInViewController.swift in Sources */,
				0C0398BE24F26EEF009CC80D /* DashBoardViewController.swift in Sources */,
				0CF3BDBA250DE93400333445 /* DashBoardStepper.swift in Sources */,
				0CC9B93424EAA5D30025D1A1 /* AppStepper.swift in Sources */,
				D38E222724EBA3CA00E30916 /* SignInViewReactor.swift in Sources */,
				0CF3BDC2250DEA3400333445 /* DashBoardAssembler.swift in Sources */,
				D38E222124EB95E200E30916 /* EmptyReactor.swift in Sources */,
				0CC9B93024EAA4C90025D1A1 /* AppFlow.swift in Sources */,
				0CF3BDC1250DEA3400333445 /* EtcAssembler.swift in Sources */,
				D38E222324EBA08D00E30916 /* IntroStepper.swift in Sources */,
				D38E221F24EB93A600E30916 /* BaseNavigationController.swift in Sources */,
				0C657AB924E94065001BD378 /* AppDelegate.swift in Sources */,
				0CC9B93624EAA6ED0025D1A1 /* BaseViewController.swift in Sources */,
				0C98FF6124F40262002C8BD4 /* TabbarFlow.swift in Sources */,
			);
			runOnlyForDeploymentPostprocessing = 0;
		};
/* End PBXSourcesBuildPhase section */

/* Begin PBXVariantGroup section */
		0C657AC324E94067001BD378 /* LaunchScreen.storyboard */ = {
			isa = PBXVariantGroup;
			children = (
				0C657AC424E94067001BD378 /* Base */,
			);
			name = LaunchScreen.storyboard;
			sourceTree = "<group>";
		};
/* End PBXVariantGroup section */

/* Begin XCBuildConfiguration section */
		0C657AC724E94067001BD378 /* Debug */ = {
			isa = XCBuildConfiguration;
			buildSettings = {
				ALWAYS_SEARCH_USER_PATHS = NO;
				CLANG_ANALYZER_NONNULL = YES;
				CLANG_ANALYZER_NUMBER_OBJECT_CONVERSION = YES_AGGRESSIVE;
				CLANG_CXX_LANGUAGE_STANDARD = "gnu++14";
				CLANG_CXX_LIBRARY = "libc++";
				CLANG_ENABLE_MODULES = YES;
				CLANG_ENABLE_OBJC_ARC = YES;
				CLANG_ENABLE_OBJC_WEAK = YES;
				CLANG_WARN_BLOCK_CAPTURE_AUTORELEASING = YES;
				CLANG_WARN_BOOL_CONVERSION = YES;
				CLANG_WARN_COMMA = YES;
				CLANG_WARN_CONSTANT_CONVERSION = YES;
				CLANG_WARN_DEPRECATED_OBJC_IMPLEMENTATIONS = YES;
				CLANG_WARN_DIRECT_OBJC_ISA_USAGE = YES_ERROR;
				CLANG_WARN_DOCUMENTATION_COMMENTS = YES;
				CLANG_WARN_EMPTY_BODY = YES;
				CLANG_WARN_ENUM_CONVERSION = YES;
				CLANG_WARN_INFINITE_RECURSION = YES;
				CLANG_WARN_INT_CONVERSION = YES;
				CLANG_WARN_NON_LITERAL_NULL_CONVERSION = YES;
				CLANG_WARN_OBJC_IMPLICIT_RETAIN_SELF = YES;
				CLANG_WARN_OBJC_LITERAL_CONVERSION = YES;
				CLANG_WARN_OBJC_ROOT_CLASS = YES_ERROR;
				CLANG_WARN_RANGE_LOOP_ANALYSIS = YES;
				CLANG_WARN_STRICT_PROTOTYPES = YES;
				CLANG_WARN_SUSPICIOUS_MOVE = YES;
				CLANG_WARN_UNGUARDED_AVAILABILITY = YES_AGGRESSIVE;
				CLANG_WARN_UNREACHABLE_CODE = YES;
				CLANG_WARN__DUPLICATE_METHOD_MATCH = YES;
				COPY_PHASE_STRIP = NO;
				DEBUG_INFORMATION_FORMAT = dwarf;
				ENABLE_STRICT_OBJC_MSGSEND = YES;
				ENABLE_TESTABILITY = YES;
				GCC_C_LANGUAGE_STANDARD = gnu11;
				GCC_DYNAMIC_NO_PIC = NO;
				GCC_NO_COMMON_BLOCKS = YES;
				GCC_OPTIMIZATION_LEVEL = 0;
				GCC_PREPROCESSOR_DEFINITIONS = (
					"DEBUG=1",
					"$(inherited)",
				);
				GCC_WARN_64_TO_32_BIT_CONVERSION = YES;
				GCC_WARN_ABOUT_RETURN_TYPE = YES_ERROR;
				GCC_WARN_UNDECLARED_SELECTOR = YES;
				GCC_WARN_UNINITIALIZED_AUTOS = YES_AGGRESSIVE;
				GCC_WARN_UNUSED_FUNCTION = YES;
				GCC_WARN_UNUSED_VARIABLE = YES;
				IPHONEOS_DEPLOYMENT_TARGET = 13.5;
				MTL_ENABLE_DEBUG_INFO = INCLUDE_SOURCE;
				MTL_FAST_MATH = YES;
				ONLY_ACTIVE_ARCH = YES;
				SDKROOT = iphoneos;
				SWIFT_ACTIVE_COMPILATION_CONDITIONS = DEBUG;
				SWIFT_OBJC_BRIDGING_HEADER = "MVVM-C/MVVM-C-Bridging-Header.h";
				SWIFT_OPTIMIZATION_LEVEL = "-Onone";
			};
			name = Debug;
		};
		0C657AC824E94067001BD378 /* Release */ = {
			isa = XCBuildConfiguration;
			buildSettings = {
				ALWAYS_SEARCH_USER_PATHS = NO;
				CLANG_ANALYZER_NONNULL = YES;
				CLANG_ANALYZER_NUMBER_OBJECT_CONVERSION = YES_AGGRESSIVE;
				CLANG_CXX_LANGUAGE_STANDARD = "gnu++14";
				CLANG_CXX_LIBRARY = "libc++";
				CLANG_ENABLE_MODULES = YES;
				CLANG_ENABLE_OBJC_ARC = YES;
				CLANG_ENABLE_OBJC_WEAK = YES;
				CLANG_WARN_BLOCK_CAPTURE_AUTORELEASING = YES;
				CLANG_WARN_BOOL_CONVERSION = YES;
				CLANG_WARN_COMMA = YES;
				CLANG_WARN_CONSTANT_CONVERSION = YES;
				CLANG_WARN_DEPRECATED_OBJC_IMPLEMENTATIONS = YES;
				CLANG_WARN_DIRECT_OBJC_ISA_USAGE = YES_ERROR;
				CLANG_WARN_DOCUMENTATION_COMMENTS = YES;
				CLANG_WARN_EMPTY_BODY = YES;
				CLANG_WARN_ENUM_CONVERSION = YES;
				CLANG_WARN_INFINITE_RECURSION = YES;
				CLANG_WARN_INT_CONVERSION = YES;
				CLANG_WARN_NON_LITERAL_NULL_CONVERSION = YES;
				CLANG_WARN_OBJC_IMPLICIT_RETAIN_SELF = YES;
				CLANG_WARN_OBJC_LITERAL_CONVERSION = YES;
				CLANG_WARN_OBJC_ROOT_CLASS = YES_ERROR;
				CLANG_WARN_RANGE_LOOP_ANALYSIS = YES;
				CLANG_WARN_STRICT_PROTOTYPES = YES;
				CLANG_WARN_SUSPICIOUS_MOVE = YES;
				CLANG_WARN_UNGUARDED_AVAILABILITY = YES_AGGRESSIVE;
				CLANG_WARN_UNREACHABLE_CODE = YES;
				CLANG_WARN__DUPLICATE_METHOD_MATCH = YES;
				COPY_PHASE_STRIP = NO;
				DEBUG_INFORMATION_FORMAT = "dwarf-with-dsym";
				ENABLE_NS_ASSERTIONS = NO;
				ENABLE_STRICT_OBJC_MSGSEND = YES;
				GCC_C_LANGUAGE_STANDARD = gnu11;
				GCC_NO_COMMON_BLOCKS = YES;
				GCC_WARN_64_TO_32_BIT_CONVERSION = YES;
				GCC_WARN_ABOUT_RETURN_TYPE = YES_ERROR;
				GCC_WARN_UNDECLARED_SELECTOR = YES;
				GCC_WARN_UNINITIALIZED_AUTOS = YES_AGGRESSIVE;
				GCC_WARN_UNUSED_FUNCTION = YES;
				GCC_WARN_UNUSED_VARIABLE = YES;
				IPHONEOS_DEPLOYMENT_TARGET = 13.5;
				MTL_ENABLE_DEBUG_INFO = NO;
				MTL_FAST_MATH = YES;
				SDKROOT = iphoneos;
				SWIFT_COMPILATION_MODE = wholemodule;
				SWIFT_OBJC_BRIDGING_HEADER = "MVVM-C/MVVM-C-Bridging-Header.h";
				SWIFT_OPTIMIZATION_LEVEL = "-O";
				VALIDATE_PRODUCT = YES;
			};
			name = Release;
		};
		0C657ACA24E94067001BD378 /* Debug */ = {
			isa = XCBuildConfiguration;
			baseConfigurationReference = 808CF4F7891B4B25E37C685B /* Pods-MVVM-C.debug.xcconfig */;
			buildSettings = {
				ASSETCATALOG_COMPILER_APPICON_NAME = AppIcon;
				CLANG_ENABLE_MODULES = YES;
				CODE_SIGN_ENTITLEMENTS = "MVVM-C/MVVM-C.entitlements";
				CODE_SIGN_STYLE = Automatic;
				DEVELOPMENT_TEAM = 9P5QVDV7V7;
				INFOPLIST_FILE = "MVVM-C/Info.plist";
				IPHONEOS_DEPLOYMENT_TARGET = 13.0;
				LD_RUNPATH_SEARCH_PATHS = (
					"$(inherited)",
					"@executable_path/Frameworks",
				);
				PRODUCT_BUNDLE_IDENTIFIER = "test.MVVM-C";
				PRODUCT_NAME = "$(TARGET_NAME)";
				SWIFT_OBJC_BRIDGING_HEADER = "MVVM-C/MVVM-C-Bridging-Header.h";
				SWIFT_OPTIMIZATION_LEVEL = "-Onone";
				SWIFT_VERSION = 5.0;
				TARGETED_DEVICE_FAMILY = 1;
			};
			name = Debug;
		};
		0C657ACB24E94067001BD378 /* Release */ = {
			isa = XCBuildConfiguration;
			baseConfigurationReference = 3E5A1DD56FC48A06425B18CB /* Pods-MVVM-C.release.xcconfig */;
			buildSettings = {
				ASSETCATALOG_COMPILER_APPICON_NAME = AppIcon;
				CLANG_ENABLE_MODULES = YES;
				CODE_SIGN_ENTITLEMENTS = "MVVM-C/MVVM-C.entitlements";
				CODE_SIGN_STYLE = Automatic;
				DEVELOPMENT_TEAM = 9P5QVDV7V7;
				INFOPLIST_FILE = "MVVM-C/Info.plist";
				IPHONEOS_DEPLOYMENT_TARGET = 13.0;
				LD_RUNPATH_SEARCH_PATHS = (
					"$(inherited)",
					"@executable_path/Frameworks",
				);
				PRODUCT_BUNDLE_IDENTIFIER = "test.MVVM-C";
				PRODUCT_NAME = "$(TARGET_NAME)";
				SWIFT_OBJC_BRIDGING_HEADER = "MVVM-C/MVVM-C-Bridging-Header.h";
				SWIFT_VERSION = 5.0;
				TARGETED_DEVICE_FAMILY = 1;
			};
			name = Release;
		};
/* End XCBuildConfiguration section */

/* Begin XCConfigurationList section */
		0C657AB024E94065001BD378 /* Build configuration list for PBXProject "MVVM-C" */ = {
			isa = XCConfigurationList;
			buildConfigurations = (
				0C657AC724E94067001BD378 /* Debug */,
				0C657AC824E94067001BD378 /* Release */,
			);
			defaultConfigurationIsVisible = 0;
			defaultConfigurationName = Release;
		};
		0C657AC924E94067001BD378 /* Build configuration list for PBXNativeTarget "MVVM-C" */ = {
			isa = XCConfigurationList;
			buildConfigurations = (
				0C657ACA24E94067001BD378 /* Debug */,
				0C657ACB24E94067001BD378 /* Release */,
			);
			defaultConfigurationIsVisible = 0;
			defaultConfigurationName = Release;
		};
/* End XCConfigurationList section */
	};
	rootObject = 0C657AAD24E94065001BD378 /* Project object */;
}
